
Microsoft Visual Studio Solution File, Format Version 12.00
# Visual Studio Version 17
VisualStudioVersion = 17.4.33213.308
MinimumVisualStudioVersion = 10.0.40219.1
Project("{FAE04EC0-301F-11D3-BF4B-00C04F79EFBC}") = "MvcConciertosExam", "MvcConciertosExam\MvcConciertosExam.csproj", "{E43C68D1-96D8-49C4-9B7F-5766DE7E3200}"
EndProject
Global
	GlobalSection(SolutionConfigurationPlatforms) = preSolution
		Debug|Any CPU = Debug|Any CPU
		Release|Any CPU = Release|Any CPU
	EndGlobalSection
	GlobalSection(ProjectConfigurationPlatforms) = postSolution
		{E43C68D1-96D8-49C4-9B7F-5766DE7E3200}.Debug|Any CPU.ActiveCfg = Debug|Any CPU
		{E43C68D1-96D8-49C4-9B7F-5766DE7E3200}.Debug|Any CPU.Build.0 = Debug|Any CPU
		{E43C68D1-96D8-49C4-9B7F-5766DE7E3200}.Release|Any CPU.ActiveCfg = Release|Any CPU
		{E43C68D1-96D8-49C4-9B7F-5766DE7E3200}.Release|Any CPU.Build.0 = Release|Any CPU
	EndGlobalSection
	GlobalSection(SolutionProperties) = preSolution
		HideSolutionNode = FALSE
	EndGlobalSection
	GlobalSection(ExtensibilityGlobals) = postSolution
		SolutionGuid = {EC7C0BF1-DF58-403D-A0AB-25873DF6CE52}
	EndGlobalSection
EndGlobal
